
Microsoft Visual Studio Solution File, Format Version 12.00
# Visual Studio Version 17
VisualStudioVersion = 17.11.35312.102
MinimumVisualStudioVersion = 10.0.40219.1
Project("{9A19103F-16F7-4668-BE54-9A1E7A4F7556}") = "_02WhileExample", "_02WhileExample\_02WhileExample.csproj", "{428BA817-0CAB-4694-AB7A-AE5C16C473AE}"
EndProject
Project("{FAE04EC0-301F-11D3-BF4B-00C04F79EFBC}") = "_01ForExamples", "_01ForWxamples\_01ForExamples.csproj", "{EBEE5FBA-0D4A-4615-A315-0E68C520C416}"
EndProject
Project("{FAE04EC0-301F-11D3-BF4B-00C04F79EFBC}") = "_03WhilevsDoWhile", "_03WhilevsDoWhile\_03WhilevsDoWhile.csproj", "{0BF03F59-5C18-4379-BD10-84C1519904D5}"
EndProject
Global
	GlobalSection(SolutionConfigurationPlatforms) = preSolution
		Debug|Any CPU = Debug|Any CPU
		Release|Any CPU = Release|Any CPU
	EndGlobalSection
	GlobalSection(ProjectConfigurationPlatforms) = postSolution
		{428BA817-0CAB-4694-AB7A-AE5C16C473AE}.Debug|Any CPU.ActiveCfg = Debug|Any CPU
		{428BA817-0CAB-4694-AB7A-AE5C16C473AE}.Debug|Any CPU.Build.0 = Debug|Any CPU
		{428BA817-0CAB-4694-AB7A-AE5C16C473AE}.Release|Any CPU.ActiveCfg = Release|Any CPU
		{428BA817-0CAB-4694-AB7A-AE5C16C473AE}.Release|Any CPU.Build.0 = Release|Any CPU
		{EBEE5FBA-0D4A-4615-A315-0E68C520C416}.Debug|Any CPU.ActiveCfg = Debug|Any CPU
		{EBEE5FBA-0D4A-4615-A315-0E68C520C416}.Debug|Any CPU.Build.0 = Debug|Any CPU
		{EBEE5FBA-0D4A-4615-A315-0E68C520C416}.Release|Any CPU.ActiveCfg = Release|Any CPU
		{EBEE5FBA-0D4A-4615-A315-0E68C520C416}.Release|Any CPU.Build.0 = Release|Any CPU
		{0BF03F59-5C18-4379-BD10-84C1519904D5}.Debug|Any CPU.ActiveCfg = Debug|Any CPU
		{0BF03F59-5C18-4379-BD10-84C1519904D5}.Debug|Any CPU.Build.0 = Debug|Any CPU
		{0BF03F59-5C18-4379-BD10-84C1519904D5}.Release|Any CPU.ActiveCfg = Release|Any CPU
		{0BF03F59-5C18-4379-BD10-84C1519904D5}.Release|Any CPU.Build.0 = Release|Any CPU
	EndGlobalSection
	GlobalSection(SolutionProperties) = preSolution
		HideSolutionNode = FALSE
	EndGlobalSection
	GlobalSection(ExtensibilityGlobals) = postSolution
		SolutionGuid = {57A1572B-B38E-41CB-B75E-AA99AF910EF9}
	EndGlobalSection
EndGlobal
